
Microsoft Visual Studio Solution File, Format Version 12.00
# Visual Studio 15
VisualStudioVersion = 15.0.28010.2041
MinimumVisualStudioVersion = 10.0.40219.1
Project("{FAE04EC0-301F-11D3-BF4B-00C04F79EFBC}") = "Game2048WPF", "Game2048WPF\Game2048WPF.csproj", "{97928D73-249F-429F-B17B-28E0C25B33D7}"
EndProject
Project("{FAE04EC0-301F-11D3-BF4B-00C04F79EFBC}") = "MvvmLibrary", "MvvmLibrary\MvvmLibrary.csproj", "{9A6474FD-4824-4843-ACD9-F5E19E39A589}"
EndProject
Global
	GlobalSection(SolutionConfigurationPlatforms) = preSolution
		Debug|Any CPU = Debug|Any CPU
		Release|Any CPU = Release|Any CPU
	EndGlobalSection
	GlobalSection(ProjectConfigurationPlatforms) = postSolution
		{97928D73-249F-429F-B17B-28E0C25B33D7}.Debug|Any CPU.ActiveCfg = Debug|Any CPU
		{97928D73-249F-429F-B17B-28E0C25B33D7}.Debug|Any CPU.Build.0 = Debug|Any CPU
		{97928D73-249F-429F-B17B-28E0C25B33D7}.Release|Any CPU.ActiveCfg = Release|Any CPU
		{97928D73-249F-429F-B17B-28E0C25B33D7}.Release|Any CPU.Build.0 = Release|Any CPU
		{9A6474FD-4824-4843-ACD9-F5E19E39A589}.Debug|Any CPU.ActiveCfg = Debug|Any CPU
		{9A6474FD-4824-4843-ACD9-F5E19E39A589}.Debug|Any CPU.Build.0 = Debug|Any CPU
		{9A6474FD-4824-4843-ACD9-F5E19E39A589}.Release|Any CPU.ActiveCfg = Release|Any CPU
		{9A6474FD-4824-4843-ACD9-F5E19E39A589}.Release|Any CPU.Build.0 = Release|Any CPU
	EndGlobalSection
	GlobalSection(SolutionProperties) = preSolution
		HideSolutionNode = FALSE
	EndGlobalSection
	GlobalSection(ExtensibilityGlobals) = postSolution
		SolutionGuid = {915A5D75-BD83-4FF7-9C8C-D178D9CB14BB}
	EndGlobalSection
EndGlobal
